
Microsoft Visual Studio Solution File, Format Version 12.00
# Visual Studio Version 16
VisualStudioVersion = 16.0.29911.84
MinimumVisualStudioVersion = 10.0.40219.1
Project("{FAE04EC0-301F-11D3-BF4B-00C04F79EFBC}") = "Tetris", "ConsoleApp31\Tetris.csproj", "{4299885B-68C0-4B86-A693-506E671F2A00}"
EndProject
Project("{FAE04EC0-301F-11D3-BF4B-00C04F79EFBC}") = "TetrisUnitTests", "UnitTestProject1\TetrisUnitTests.csproj", "{44020708-974B-4D0C-847B-56FF0E883575}"
EndProject
Global
	GlobalSection(SolutionConfigurationPlatforms) = preSolution
		Debug|Any CPU = Debug|Any CPU
		Release|Any CPU = Release|Any CPU
	EndGlobalSection
	GlobalSection(ProjectConfigurationPlatforms) = postSolution
		{4299885B-68C0-4B86-A693-506E671F2A00}.Debug|Any CPU.ActiveCfg = Debug|Any CPU
		{4299885B-68C0-4B86-A693-506E671F2A00}.Debug|Any CPU.Build.0 = Debug|Any CPU
		{4299885B-68C0-4B86-A693-506E671F2A00}.Release|Any CPU.ActiveCfg = Release|Any CPU
		{4299885B-68C0-4B86-A693-506E671F2A00}.Release|Any CPU.Build.0 = Release|Any CPU
		{44020708-974B-4D0C-847B-56FF0E883575}.Debug|Any CPU.ActiveCfg = Debug|Any CPU
		{44020708-974B-4D0C-847B-56FF0E883575}.Debug|Any CPU.Build.0 = Debug|Any CPU
		{44020708-974B-4D0C-847B-56FF0E883575}.Release|Any CPU.ActiveCfg = Release|Any CPU
		{44020708-974B-4D0C-847B-56FF0E883575}.Release|Any CPU.Build.0 = Release|Any CPU
	EndGlobalSection
	GlobalSection(SolutionProperties) = preSolution
		HideSolutionNode = FALSE
	EndGlobalSection
	GlobalSection(ExtensibilityGlobals) = postSolution
		SolutionGuid = {3D6A940C-1518-4C8C-9F4C-ACEEBD2DADA4}
	EndGlobalSection
EndGlobal
